
Microsoft Visual Studio Solution File, Format Version 12.00
# Visual Studio Version 16
VisualStudioVersion = 16.0.31112.23
MinimumVisualStudioVersion = 10.0.40219.1
Project("{9A19103F-16F7-4668-BE54-9A1E7A4F7556}") = "DiscordBot", "DiscordBot\DiscordBot.csproj", "{201B2AD9-3435-423C-8136-892C627B1F2F}"
EndProject
Project("{9A19103F-16F7-4668-BE54-9A1E7A4F7556}") = "Communicator", "..\Communicator\Communicator\Communicator.csproj", "{F9BBCB37-7B47-41DF-967C-F12BA0F4FEFF}"
EndProject
Project("{FAE04EC0-301F-11D3-BF4B-00C04F79EFBC}") = "DiscordBotPluginBase", "DiscordBotPluginBase\DiscordBotPluginBase.csproj", "{4645AE86-2359-4167-8534-247E027C6A43}"
EndProject
Global
	GlobalSection(SolutionConfigurationPlatforms) = preSolution
		Debug|Any CPU = Debug|Any CPU
		Release|Any CPU = Release|Any CPU
	EndGlobalSection
	GlobalSection(ProjectConfigurationPlatforms) = postSolution
		{201B2AD9-3435-423C-8136-892C627B1F2F}.Debug|Any CPU.ActiveCfg = Debug|Any CPU
		{201B2AD9-3435-423C-8136-892C627B1F2F}.Debug|Any CPU.Build.0 = Debug|Any CPU
		{201B2AD9-3435-423C-8136-892C627B1F2F}.Release|Any CPU.ActiveCfg = Release|Any CPU
		{201B2AD9-3435-423C-8136-892C627B1F2F}.Release|Any CPU.Build.0 = Release|Any CPU
		{F9BBCB37-7B47-41DF-967C-F12BA0F4FEFF}.Debug|Any CPU.ActiveCfg = Debug|Any CPU
		{F9BBCB37-7B47-41DF-967C-F12BA0F4FEFF}.Debug|Any CPU.Build.0 = Debug|Any CPU
		{F9BBCB37-7B47-41DF-967C-F12BA0F4FEFF}.Release|Any CPU.ActiveCfg = Release|Any CPU
		{F9BBCB37-7B47-41DF-967C-F12BA0F4FEFF}.Release|Any CPU.Build.0 = Release|Any CPU
		{4645AE86-2359-4167-8534-247E027C6A43}.Debug|Any CPU.ActiveCfg = Debug|Any CPU
		{4645AE86-2359-4167-8534-247E027C6A43}.Debug|Any CPU.Build.0 = Debug|Any CPU
		{4645AE86-2359-4167-8534-247E027C6A43}.Release|Any CPU.ActiveCfg = Release|Any CPU
		{4645AE86-2359-4167-8534-247E027C6A43}.Release|Any CPU.Build.0 = Release|Any CPU
	EndGlobalSection
	GlobalSection(SolutionProperties) = preSolution
		HideSolutionNode = FALSE
	EndGlobalSection
	GlobalSection(ExtensibilityGlobals) = postSolution
		SolutionGuid = {FE4B9AA4-3885-4F75-8A9D-63655B53A33E}
	EndGlobalSection
EndGlobal
